github.com/blend/go-sdk v1.20240719.1 h1:eyispDP9DzQuNE+y7j1xSqwRm6ndMS4jgwlOQU4BTGY=
github.com/blend/go-sdk v1.20240719.1/go.mod h1:aTw/exIbMHDYcJLTiqeWMMVhUs9+72BDe26AA0A6jno=
github.com/jcelliott/lumber v0.0.0-20160324203708-dd349441af25 h1:EFT6MH3igZK/dIVqgGbTqWVvkZ7wJ5iGN03SVtvvdd8=
github.com/jcelliott/lumber v0.0.0-20160324203708-dd349441af25/go.mod h1:sWkGw/wsaHtRsT9zGQ/WyJCotGWG/Anow/9hsAcBWRw=
